
Microsoft Visual Studio Solution File, Format Version 12.00
# Visual Studio 15
VisualStudioVersion = 15.0.28307.1062
MinimumVisualStudioVersion = 10.0.40219.1
Project("{FAE04EC0-301F-11D3-BF4B-00C04F79EFBC}") = "SistemaAdmGym", "SistemaAdmGym\SistemaAdmGym.csproj", "{68ABD07B-BBEB-46F3-B92D-6F88C9456A18}"
EndProject
Global
	GlobalSection(SolutionConfigurationPlatforms) = preSolution
		Debug|Any CPU = Debug|Any CPU
		Release|Any CPU = Release|Any CPU
	EndGlobalSection
	GlobalSection(ProjectConfigurationPlatforms) = postSolution
		{68ABD07B-BBEB-46F3-B92D-6F88C9456A18}.Debug|Any CPU.ActiveCfg = Debug|Any CPU
		{68ABD07B-BBEB-46F3-B92D-6F88C9456A18}.Debug|Any CPU.Build.0 = Debug|Any CPU
		{68ABD07B-BBEB-46F3-B92D-6F88C9456A18}.Release|Any CPU.ActiveCfg = Release|Any CPU
		{68ABD07B-BBEB-46F3-B92D-6F88C9456A18}.Release|Any CPU.Build.0 = Release|Any CPU
	EndGlobalSection
	GlobalSection(SolutionProperties) = preSolution
		HideSolutionNode = FALSE
	EndGlobalSection
	GlobalSection(ExtensibilityGlobals) = postSolution
		SolutionGuid = {0A1C5CAD-0FB7-4C1C-B215-33AEA62F8CBB}
	EndGlobalSection
EndGlobal
